// !$*UTF8*$!
{
	archiveVersion = 1;
	classes = {
	};
	objectVersion = 46;
	objects = {

/* Begin PBXBuildFile section */
		FC41E90B1975B53D00BD3D44 /* Foundation.framework in Frameworks */ = {isa = PBXBuildFile; fileRef = FC41E90A1975B53D00BD3D44 /* Foundation.framework */; };
		FC41E90D1975B53D00BD3D44 /* CoreGraphics.framework in Frameworks */ = {isa = PBXBuildFile; fileRef = FC41E90C1975B53D00BD3D44 /* CoreGraphics.framework */; };
		FC41E90F1975B53D00BD3D44 /* UIKit.framework in Frameworks */ = {isa = PBXBuildFile; fileRef = FC41E90E1975B53D00BD3D44 /* UIKit.framework */; };
		FC41E9151975B53D00BD3D44 /* InfoPlist.strings in Resources */ = {isa = PBXBuildFile; fileRef = FC41E9131975B53D00BD3D44 /* InfoPlist.strings */; };
		FC41E9171975B53D00BD3D44 /* main.m in Sources */ = {isa = PBXBuildFile; fileRef = FC41E9161975B53D00BD3D44 /* main.m */; };
		FC41E91B1975B53D00BD3D44 /* AppDelegate.m in Sources */ = {isa = PBXBuildFile; fileRef = FC41E91A1975B53D00BD3D44 /* AppDelegate.m */; };
		FC41E9211975B53D00BD3D44 /* aViewController.m in Sources */ = {isa = PBXBuildFile; fileRef = FC41E9201975B53D00BD3D44 /* aViewController.m */; };
		FC41E9231975B53D00BD3D44 /* Images.xcassets in Resources */ = {isa = PBXBuildFile; fileRef = FC41E9221975B53D00BD3D44 /* Images.xcassets */; };
		FC41E92A1975B53E00BD3D44 /* XCTest.framework in Frameworks */ = {isa = PBXBuildFile; fileRef = FC41E9291975B53E00BD3D44 /* XCTest.framework */; };
		FC41E92B1975B53E00BD3D44 /* Foundation.framework in Frameworks */ = {isa = PBXBuildFile; fileRef = FC41E90A1975B53D00BD3D44 /* Foundation.framework */; };
		FC41E92C1975B53E00BD3D44 /* UIKit.framework in Frameworks */ = {isa = PBXBuildFile; fileRef = FC41E90E1975B53D00BD3D44 /* UIKit.framework */; };
		FC41E9341975B53E00BD3D44 /* InfoPlist.strings in Resources */ = {isa = PBXBuildFile; fileRef = FC41E9321975B53E00BD3D44 /* InfoPlist.strings */; };
		FC41E9361975B53E00BD3D44 /* SDSApp2Tests.m in Sources */ = {isa = PBXBuildFile; fileRef = FC41E9351975B53E00BD3D44 /* SDSApp2Tests.m */; };
		FC41E9411975B6B100BD3D44 /* Common.m in Sources */ = {isa = PBXBuildFile; fileRef = FC41E9401975B6B100BD3D44 /* Common.m */; };
		FC41E9441975B75A00BD3D44 /* TurningWhite.png in Resources */ = {isa = PBXBuildFile; fileRef = FC41E9421975B75A00BD3D44 /* TurningWhite.png */; };
		FC41E9451975B75A00BD3D44 /* logos-04.png in Resources */ = {isa = PBXBuildFile; fileRef = FC41E9431975B75A00BD3D44 /* logos-04.png */; };
		FC41E9471975B77A00BD3D44 /* logos-03.png in Resources */ = {isa = PBXBuildFile; fileRef = FC41E9461975B77A00BD3D44 /* logos-03.png */; };
		FCB9F43C19801AB800050BCF /* bTableViewController.m in Sources */ = {isa = PBXBuildFile; fileRef = FCB9F43B19801AB800050BCF /* bTableViewController.m */; };
		FCB9F43E198023A300050BCF /* MapKit.framework in Frameworks */ = {isa = PBXBuildFile; fileRef = FCB9F43D198023A300050BCF /* MapKit.framework */; };
		FCB9F44119803D1000050BCF /* cEventViewController.m in Sources */ = {isa = PBXBuildFile; fileRef = FCB9F44019803D1000050BCF /* cEventViewController.m */; };
		FCB9F4471980605A00050BCF /* baTableViewCell.m in Sources */ = {isa = PBXBuildFile; fileRef = FCB9F4451980605A00050BCF /* baTableViewCell.m */; };
		FCB9F44F198067C100050BCF /* Dosis-SemiBold.otf in Resources */ = {isa = PBXBuildFile; fileRef = FCB9F4481980679E00050BCF /* Dosis-SemiBold.otf */; };
		FCB9F450198067C100050BCF /* Dosis-Regular.otf in Resources */ = {isa = PBXBuildFile; fileRef = FCB9F4491980679E00050BCF /* Dosis-Regular.otf */; };
		FCB9F451198067C100050BCF /* Dosis-Medium.otf in Resources */ = {isa = PBXBuildFile; fileRef = FCB9F44A1980679E00050BCF /* Dosis-Medium.otf */; };
		FCB9F452198067C100050BCF /* Dosis-Light.otf in Resources */ = {isa = PBXBuildFile; fileRef = FCB9F44B1980679E00050BCF /* Dosis-Light.otf */; };
		FCB9F453198067C100050BCF /* Dosis-ExtraLight.otf in Resources */ = {isa = PBXBuildFile; fileRef = FCB9F44C1980679E00050BCF /* Dosis-ExtraLight.otf */; };
		FCB9F454198067C100050BCF /* Dosis-ExtraBold.otf in Resources */ = {isa = PBXBuildFile; fileRef = FCB9F44D1980679E00050BCF /* Dosis-ExtraBold.otf */; };
		FCB9F455198067C100050BCF /* Dosis-Bold.otf in Resources */ = {isa = PBXBuildFile; fileRef = FCB9F44E1980679E00050BCF /* Dosis-Bold.otf */; };
		FCBD3BF1199137D3002D9CA0 /* dMusicTableViewController.m in Sources */ = {isa = PBXBuildFile; fileRef = FCBD3BF0199137D3002D9CA0 /* dMusicTableViewController.m */; };
		FCC287C619842C5A00075737 /* MediaPlayer.framework in Frameworks */ = {isa = PBXBuildFile; fileRef = FCC287C519842C5A00075737 /* MediaPlayer.framework */; };
		FCC287C819853F3B00075737 /* AVFoundation.framework in Frameworks */ = {isa = PBXBuildFile; fileRef = FCC287C719853F3B00075737 /* AVFoundation.framework */; };
		FCC287CB1985609500075737 /* Main.storyboard in Resources */ = {isa = PBXBuildFile; fileRef = FCC287C91985609500075737 /* Main.storyboard */; };
/* End PBXBuildFile section */

/* Begin PBXContainerItemProxy section */
		FC41E92D1975B53E00BD3D44 /* PBXContainerItemProxy */ = {
			isa = PBXContainerItemProxy;
			containerPortal = FC41E8FF1975B53D00BD3D44 /* Project object */;
			proxyType = 1;
			remoteGlobalIDString = FC41E9061975B53D00BD3D44;
			remoteInfo = SDSApp2;
		};
/* End PBXContainerItemProxy section */

/* Begin PBXFileReference section */
		FC41E9071975B53D00BD3D44 /* SDSApp2.app */ = {isa = PBXFileReference; explicitFileType = wrapper.application; includeInIndex = 0; path = SDSApp2.app; sourceTree = BUILT_PRODUCTS_DIR; };
		FC41E90A1975B53D00BD3D44 /* Foundation.framework */ = {isa = PBXFileReference; lastKnownFileType = wrapper.framework; name = Foundation.framework; path = System/Library/Frameworks/Foundation.framework; sourceTree = SDKROOT; };
		FC41E90C1975B53D00BD3D44 /* CoreGraphics.framework */ = {isa = PBXFileReference; lastKnownFileType = wrapper.framework; name = CoreGraphics.framework; path = System/Library/Frameworks/CoreGraphics.framework; sourceTree = SDKROOT; };
		FC41E90E1975B53D00BD3D44 /* UIKit.framework */ = {isa = PBXFileReference; lastKnownFileType = wrapper.framework; name = UIKit.framework; path = System/Library/Frameworks/UIKit.framework; sourceTree = SDKROOT; };
		FC41E9121975B53D00BD3D44 /* SDSApp2-Info.plist */ = {isa = PBXFileReference; lastKnownFileType = text.plist.xml; path = "SDSApp2-Info.plist"; sourceTree = "<group>"; };
		FC41E9141975B53D00BD3D44 /* en */ = {isa = PBXFileReference; lastKnownFileType = text.plist.strings; name = en; path = en.lproj/InfoPlist.strings; sourceTree = "<group>"; };
		FC41E9161975B53D00BD3D44 /* main.m */ = {isa = PBXFileReference; lastKnownFileType = sourcecode.c.objc; path = main.m; sourceTree = "<group>"; };
		FC41E9181975B53D00BD3D44 /* SDSApp2-Prefix.pch */ = {isa = PBXFileReference; lastKnownFileType = sourcecode.c.h; path = "SDSApp2-Prefix.pch"; sourceTree = "<group>"; };
		FC41E9191975B53D00BD3D44 /* AppDelegate.h */ = {isa = PBXFileReference; lastKnownFileType = sourcecode.c.h; path = AppDelegate.h; sourceTree = "<group>"; };
		FC41E91A1975B53D00BD3D44 /* AppDelegate.m */ = {isa = PBXFileReference; lastKnownFileType = sourcecode.c.objc; path = AppDelegate.m; sourceTree = "<group>"; };
		FC41E91F1975B53D00BD3D44 /* aViewController.h */ = {isa = PBXFileReference; lastKnownFileType = sourcecode.c.h; path = aViewController.h; sourceTree = "<group>"; };
		FC41E9201975B53D00BD3D44 /* aViewController.m */ = {isa = PBXFileReference; lastKnownFileType = sourcecode.c.objc; path = aViewController.m; sourceTree = "<group>"; };
		FC41E9221975B53D00BD3D44 /* Images.xcassets */ = {isa = PBXFileReference; lastKnownFileType = folder.assetcatalog; path = Images.xcassets; sourceTree = "<group>"; };
		FC41E9281975B53E00BD3D44 /* SDSApp2Tests.xctest */ = {isa = PBXFileReference; explicitFileType = wrapper.cfbundle; includeInIndex = 0; path = SDSApp2Tests.xctest; sourceTree = BUILT_PRODUCTS_DIR; };
		FC41E9291975B53E00BD3D44 /* XCTest.framework */ = {isa = PBXFileReference; lastKnownFileType = wrapper.framework; name = XCTest.framework; path = Library/Frameworks/XCTest.framework; sourceTree = DEVELOPER_DIR; };
		FC41E9311975B53E00BD3D44 /* SDSApp2Tests-Info.plist */ = {isa = PBXFileReference; lastKnownFileType = text.plist.xml; path = "SDSApp2Tests-Info.plist"; sourceTree = "<group>"; };
		FC41E9331975B53E00BD3D44 /* en */ = {isa = PBXFileReference; lastKnownFileType = text.plist.strings; name = en; path = en.lproj/InfoPlist.strings; sourceTree = "<group>"; };
		FC41E9351975B53E00BD3D44 /* SDSApp2Tests.m */ = {isa = PBXFileReference; lastKnownFileType = sourcecode.c.objc; path = SDSApp2Tests.m; sourceTree = "<group>"; };
		FC41E93F1975B6B100BD3D44 /* Common.h */ = {isa = PBXFileReference; fileEncoding = 4; lastKnownFileType = sourcecode.c.h; path = Common.h; sourceTree = "<group>"; };
		FC41E9401975B6B100BD3D44 /* Common.m */ = {isa = PBXFileReference; fileEncoding = 4; lastKnownFileType = sourcecode.c.objc; path = Common.m; sourceTree = "<group>"; };
		FC41E9421975B75A00BD3D44 /* TurningWhite.png */ = {isa = PBXFileReference; lastKnownFileType = image.png; path = TurningWhite.png; sourceTree = "<group>"; };
		FC41E9431975B75A00BD3D44 /* logos-04.png */ = {isa = PBXFileReference; lastKnownFileType = image.png; path = "logos-04.png"; sourceTree = "<group>"; };
		FC41E9461975B77A00BD3D44 /* logos-03.png */ = {isa = PBXFileReference; lastKnownFileType = image.png; path = "logos-03.png"; sourceTree = "<group>"; };
		FC81E43019883E2D006B6CD5 /* bTableViewController.h */ = {isa = PBXFileReference; lastKnownFileType = sourcecode.c.h; path = bTableViewController.h; sourceTree = "<group>"; };
		FCB9F43B19801AB800050BCF /* bTableViewController.m */ = {isa = PBXFileReference; fileEncoding = 4; lastKnownFileType = sourcecode.c.objc; name = bTableViewController.m; path = ../bTableViewController.m; sourceTree = "<group>"; };
		FCB9F43D198023A300050BCF /* MapKit.framework */ = {isa = PBXFileReference; lastKnownFileType = wrapper.framework; name = MapKit.framework; path = System/Library/Frameworks/MapKit.framework; sourceTree = SDKROOT; };
		FCB9F43F19803D1000050BCF /* cEventViewController.h */ = {isa = PBXFileReference; fileEncoding = 4; lastKnownFileType = sourcecode.c.h; path = cEventViewController.h; sourceTree = "<group>"; };
		FCB9F44019803D1000050BCF /* cEventViewController.m */ = {isa = PBXFileReference; fileEncoding = 4; lastKnownFileType = sourcecode.c.objc; path = cEventViewController.m; sourceTree = "<group>"; };
		FCB9F4451980605A00050BCF /* baTableViewCell.m */ = {isa = PBXFileReference; fileEncoding = 4; lastKnownFileType = sourcecode.c.objc; path = baTableViewCell.m; sourceTree = "<group>"; };
		FCB9F4461980605A00050BCF /* baTableViewCell.h */ = {isa = PBXFileReference; fileEncoding = 4; lastKnownFileType = sourcecode.c.h; path = baTableViewCell.h; sourceTree = "<group>"; };
		FCB9F4481980679E00050BCF /* Dosis-SemiBold.otf */ = {isa = PBXFileReference; lastKnownFileType = file; name = "Dosis-SemiBold.otf"; path = "../../../../Downloads/dosis/Dosis-SemiBold.otf"; sourceTree = "<group>"; };
		FCB9F4491980679E00050BCF /* Dosis-Regular.otf */ = {isa = PBXFileReference; lastKnownFileType = file; name = "Dosis-Regular.otf"; path = "../../../../Downloads/dosis/Dosis-Regular.otf"; sourceTree = "<group>"; };
		FCB9F44A1980679E00050BCF /* Dosis-Medium.otf */ = {isa = PBXFileReference; lastKnownFileType = file; name = "Dosis-Medium.otf"; path = "../../../../Downloads/dosis/Dosis-Medium.otf"; sourceTree = "<group>"; };
		FCB9F44B1980679E00050BCF /* Dosis-Light.otf */ = {isa = PBXFileReference; lastKnownFileType = file; name = "Dosis-Light.otf"; path = "../../../../Downloads/dosis/Dosis-Light.otf"; sourceTree = "<group>"; };
		FCB9F44C1980679E00050BCF /* Dosis-ExtraLight.otf */ = {isa = PBXFileReference; lastKnownFileType = file; name = "Dosis-ExtraLight.otf"; path = "../../../../Downloads/dosis/Dosis-ExtraLight.otf"; sourceTree = "<group>"; };
		FCB9F44D1980679E00050BCF /* Dosis-ExtraBold.otf */ = {isa = PBXFileReference; lastKnownFileType = file; name = "Dosis-ExtraBold.otf"; path = "../../../../Downloads/dosis/Dosis-ExtraBold.otf"; sourceTree = "<group>"; };
		FCB9F44E1980679E00050BCF /* Dosis-Bold.otf */ = {isa = PBXFileReference; lastKnownFileType = file; name = "Dosis-Bold.otf"; path = "../../../../Downloads/dosis/Dosis-Bold.otf"; sourceTree = "<group>"; };
		FCBD3BEF199137D3002D9CA0 /* dMusicTableViewController.h */ = {isa = PBXFileReference; fileEncoding = 4; lastKnownFileType = sourcecode.c.h; path = dMusicTableViewController.h; sourceTree = "<group>"; };
		FCBD3BF0199137D3002D9CA0 /* dMusicTableViewController.m */ = {isa = PBXFileReference; fileEncoding = 4; lastKnownFileType = sourcecode.c.objc; path = dMusicTableViewController.m; sourceTree = "<group>"; };
		FCC287C519842C5A00075737 /* MediaPlayer.framework */ = {isa = PBXFileReference; lastKnownFileType = wrapper.framework; name = MediaPlayer.framework; path = System/Library/Frameworks/MediaPlayer.framework; sourceTree = SDKROOT; };
		FCC287C719853F3B00075737 /* AVFoundation.framework */ = {isa = PBXFileReference; lastKnownFileType = wrapper.framework; name = AVFoundation.framework; path = System/Library/Frameworks/AVFoundation.framework; sourceTree = SDKROOT; };
		FCC287CA1985609500075737 /* Base */ = {isa = PBXFileReference; lastKnownFileType = file.storyboard; name = Base; path = Base.lproj/Main.storyboard; sourceTree = "<group>"; };
/* End PBXFileReference section */

/* Begin PBXFrameworksBuildPhase section */
		FC41E9041975B53D00BD3D44 /* Frameworks */ = {
			isa = PBXFrameworksBuildPhase;
			buildActionMask = 2147483647;
			files = (
				FCC287C819853F3B00075737 /* AVFoundation.framework in Frameworks */,
				FCC287C619842C5A00075737 /* MediaPlayer.framework in Frameworks */,
				FCB9F43E198023A300050BCF /* MapKit.framework in Frameworks */,
				FC41E90D1975B53D00BD3D44 /* CoreGraphics.framework in Frameworks */,
				FC41E90F1975B53D00BD3D44 /* UIKit.framework in Frameworks */,
				FC41E90B1975B53D00BD3D44 /* Foundation.framework in Frameworks */,
			);
			runOnlyForDeploymentPostprocessing = 0;
		};
		FC41E9251975B53E00BD3D44 /* Frameworks */ = {
			isa = PBXFrameworksBuildPhase;
			buildActionMask = 2147483647;
			files = (
				FC41E92A1975B53E00BD3D44 /* XCTest.framework in Frameworks */,
				FC41E92C1975B53E00BD3D44 /* UIKit.framework in Frameworks */,
				FC41E92B1975B53E00BD3D44 /* Foundation.framework in Frameworks */,
			);
			runOnlyForDeploymentPostprocessing = 0;
		};
/* End PBXFrameworksBuildPhase section */

/* Begin PBXGroup section */
		FC41E8FE1975B53D00BD3D44 = {
			isa = PBXGroup;
			children = (
				FC41E9101975B53D00BD3D44 /* SDSApp2 */,
				FC41E92F1975B53E00BD3D44 /* SDSApp2Tests */,
				FC41E9091975B53D00BD3D44 /* Frameworks */,
				FC41E9081975B53D00BD3D44 /* Products */,
			);
			sourceTree = "<group>";
		};
		FC41E9081975B53D00BD3D44 /* Products */ = {
			isa = PBXGroup;
			children = (
				FC41E9071975B53D00BD3D44 /* SDSApp2.app */,
				FC41E9281975B53E00BD3D44 /* SDSApp2Tests.xctest */,
			);
			name = Products;
			sourceTree = "<group>";
		};
		FC41E9091975B53D00BD3D44 /* Frameworks */ = {
			isa = PBXGroup;
			children = (
				FCC287C719853F3B00075737 /* AVFoundation.framework */,
				FCC287C519842C5A00075737 /* MediaPlayer.framework */,
				FCB9F43D198023A300050BCF /* MapKit.framework */,
				FC41E90A1975B53D00BD3D44 /* Foundation.framework */,
				FC41E90C1975B53D00BD3D44 /* CoreGraphics.framework */,
				FC41E90E1975B53D00BD3D44 /* UIKit.framework */,
				FC41E9291975B53E00BD3D44 /* XCTest.framework */,
			);
			name = Frameworks;
			sourceTree = "<group>";
		};
		FC41E9101975B53D00BD3D44 /* SDSApp2 */ = {
			isa = PBXGroup;
			children = (
				FCC287C91985609500075737 /* Main.storyboard */,
				FC41E9191975B53D00BD3D44 /* AppDelegate.h */,
				FC41E91A1975B53D00BD3D44 /* AppDelegate.m */,
				FC41E91F1975B53D00BD3D44 /* aViewController.h */,
				FC41E9201975B53D00BD3D44 /* aViewController.m */,
				FC81E43019883E2D006B6CD5 /* bTableViewController.h */,
				FCB9F43B19801AB800050BCF /* bTableViewController.m */,
				FCB9F4461980605A00050BCF /* baTableViewCell.h */,
				FCB9F4451980605A00050BCF /* baTableViewCell.m */,
				FCB9F43F19803D1000050BCF /* cEventViewController.h */,
				FCB9F44019803D1000050BCF /* cEventViewController.m */,
				FCBD3BEF199137D3002D9CA0 /* dMusicTableViewController.h */,
				FCBD3BF0199137D3002D9CA0 /* dMusicTableViewController.m */,
				FC41E93F1975B6B100BD3D44 /* Common.h */,
				FC41E9401975B6B100BD3D44 /* Common.m */,
				FC41E9221975B53D00BD3D44 /* Images.xcassets */,
				FC41E9111975B53D00BD3D44 /* Supporting Files */,
			);
			path = SDSApp2;
			sourceTree = "<group>";
		};
		FC41E9111975B53D00BD3D44 /* Supporting Files */ = {
			isa = PBXGroup;
			children = (
				FCB9F4481980679E00050BCF /* Dosis-SemiBold.otf */,
				FCB9F4491980679E00050BCF /* Dosis-Regular.otf */,
				FCB9F44A1980679E00050BCF /* Dosis-Medium.otf */,
				FCB9F44B1980679E00050BCF /* Dosis-Light.otf */,
				FCB9F44C1980679E00050BCF /* Dosis-ExtraLight.otf */,
				FCB9F44D1980679E00050BCF /* Dosis-ExtraBold.otf */,
				FCB9F44E1980679E00050BCF /* Dosis-Bold.otf */,
				FC41E9461975B77A00BD3D44 /* logos-03.png */,
				FC41E9421975B75A00BD3D44 /* TurningWhite.png */,
				FC41E9431975B75A00BD3D44 /* logos-04.png */,
				FC41E9121975B53D00BD3D44 /* SDSApp2-Info.plist */,
				FC41E9131975B53D00BD3D44 /* InfoPlist.strings */,
				FC41E9161975B53D00BD3D44 /* main.m */,
				FC41E9181975B53D00BD3D44 /* SDSApp2-Prefix.pch */,
			);
			name = "Supporting Files";
			sourceTree = "<group>";
		};
		FC41E92F1975B53E00BD3D44 /* SDSApp2Tests */ = {
			isa = PBXGroup;
			children = (
				FC41E9351975B53E00BD3D44 /* SDSApp2Tests.m */,
				FC41E9301975B53E00BD3D44 /* Supporting Files */,
			);
			path = SDSApp2Tests;
			sourceTree = "<group>";
		};
		FC41E9301975B53E00BD3D44 /* Supporting Files */ = {
			isa = PBXGroup;
			children = (
				FC41E9311975B53E00BD3D44 /* SDSApp2Tests-Info.plist */,
				FC41E9321975B53E00BD3D44 /* InfoPlist.strings */,
			);
			name = "Supporting Files";
			sourceTree = "<group>";
		};
/* End PBXGroup section */

/* Begin PBXNativeTarget section */
		FC41E9061975B53D00BD3D44 /* SDSApp2 */ = {
			isa = PBXNativeTarget;
			buildConfigurationList = FC41E9391975B53E00BD3D44 /* Build configuration list for PBXNativeTarget "SDSApp2" */;
			buildPhases = (
				FC41E9031975B53D00BD3D44 /* Sources */,
				FC41E9041975B53D00BD3D44 /* Frameworks */,
				FC41E9051975B53D00BD3D44 /* Resources */,
			);
			buildRules = (
			);
			dependencies = (
			);
			name = SDSApp2;
			productName = SDSApp2;
			productReference = FC41E9071975B53D00BD3D44 /* SDSApp2.app */;
			productType = "com.apple.product-type.application";
		};
		FC41E9271975B53E00BD3D44 /* SDSApp2Tests */ = {
			isa = PBXNativeTarget;
			buildConfigurationList = FC41E93C1975B53E00BD3D44 /* Build configuration list for PBXNativeTarget "SDSApp2Tests" */;
			buildPhases = (
				FC41E9241975B53E00BD3D44 /* Sources */,
				FC41E9251975B53E00BD3D44 /* Frameworks */,
				FC41E9261975B53E00BD3D44 /* Resources */,
			);
			buildRules = (
			);
			dependencies = (
				FC41E92E1975B53E00BD3D44 /* PBXTargetDependency */,
			);
			name = SDSApp2Tests;
			productName = SDSApp2Tests;
			productReference = FC41E9281975B53E00BD3D44 /* SDSApp2Tests.xctest */;
			productType = "com.apple.product-type.bundle.unit-test";
		};
/* End PBXNativeTarget section */

/* Begin PBXProject section */
		FC41E8FF1975B53D00BD3D44 /* Project object */ = {
			isa = PBXProject;
			attributes = {
				LastUpgradeCheck = 0510;
				ORGANIZATIONNAME = "Martin Weiss";
				TargetAttributes = {
					FC41E9271975B53E00BD3D44 = {
						TestTargetID = FC41E9061975B53D00BD3D44;
					};
				};
			};
			buildConfigurationList = FC41E9021975B53D00BD3D44 /* Build configuration list for PBXProject "SDSApp2" */;
			compatibilityVersion = "Xcode 3.2";
			developmentRegion = English;
			hasScannedForEncodings = 0;
			knownRegions = (
				en,
				Base,
			);
			mainGroup = FC41E8FE1975B53D00BD3D44;
			productRefGroup = FC41E9081975B53D00BD3D44 /* Products */;
			projectDirPath = "";
			projectRoot = "";
			targets = (
				FC41E9061975B53D00BD3D44 /* SDSApp2 */,
				FC41E9271975B53E00BD3D44 /* SDSApp2Tests */,
			);
		};
/* End PBXProject section */

/* Begin PBXResourcesBuildPhase section */
		FC41E9051975B53D00BD3D44 /* Resources */ = {
			isa = PBXResourcesBuildPhase;
			buildActionMask = 2147483647;
			files = (
				FCB9F44F198067C100050BCF /* Dosis-SemiBold.otf in Resources */,
				FCB9F450198067C100050BCF /* Dosis-Regular.otf in Resources */,
				FCB9F451198067C100050BCF /* Dosis-Medium.otf in Resources */,
				FCB9F452198067C100050BCF /* Dosis-Light.otf in Resources */,
				FCB9F453198067C100050BCF /* Dosis-ExtraLight.otf in Resources */,
				FCB9F454198067C100050BCF /* Dosis-ExtraBold.otf in Resources */,
				FCB9F455198067C100050BCF /* Dosis-Bold.otf in Resources */,
				FCC287CB1985609500075737 /* Main.storyboard in Resources */,
				FC41E9231975B53D00BD3D44 /* Images.xcassets in Resources */,
				FC41E9151975B53D00BD3D44 /* InfoPlist.strings in Resources */,
				FC41E9471975B77A00BD3D44 /* logos-03.png in Resources */,
				FC41E9451975B75A00BD3D44 /* logos-04.png in Resources */,
				FC41E9441975B75A00BD3D44 /* TurningWhite.png in Resources */,
			);
			runOnlyForDeploymentPostprocessing = 0;
		};
		FC41E9261975B53E00BD3D44 /* Resources */ = {
			isa = PBXResourcesBuildPhase;
			buildActionMask = 2147483647;
			files = (
				FC41E9341975B53E00BD3D44 /* InfoPlist.strings in Resources */,
			);
			runOnlyForDeploymentPostprocessing = 0;
		};
/* End PBXResourcesBuildPhase section */

/* Begin PBXSourcesBuildPhase section */
		FC41E9031975B53D00BD3D44 /* Sources */ = {
			isa = PBXSourcesBuildPhase;
			buildActionMask = 2147483647;
			files = (
				FC41E9411975B6B100BD3D44 /* Common.m in Sources */,
				FC41E9211975B53D00BD3D44 /* aViewController.m in Sources */,
				FCBD3BF1199137D3002D9CA0 /* dMusicTableViewController.m in Sources */,
				FCB9F43C19801AB800050BCF /* bTableViewController.m in Sources */,
				FC41E91B1975B53D00BD3D44 /* AppDelegate.m in Sources */,
				FC41E9171975B53D00BD3D44 /* main.m in Sources */,
				FCB9F4471980605A00050BCF /* baTableViewCell.m in Sources */,
				FCB9F44119803D1000050BCF /* cEventViewController.m in Sources */,
			);
			runOnlyForDeploymentPostprocessing = 0;
		};
		FC41E9241975B53E00BD3D44 /* Sources */ = {
			isa = PBXSourcesBuildPhase;
			buildActionMask = 2147483647;
			files = (
				FC41E9361975B53E00BD3D44 /* SDSApp2Tests.m in Sources */,
			);
			runOnlyForDeploymentPostprocessing = 0;
		};
/* End PBXSourcesBuildPhase section */

/* Begin PBXTargetDependency section */
		FC41E92E1975B53E00BD3D44 /* PBXTargetDependency */ = {
			isa = PBXTargetDependency;
			target = FC41E9061975B53D00BD3D44 /* SDSApp2 */;
			targetProxy = FC41E92D1975B53E00BD3D44 /* PBXContainerItemProxy */;
		};
/* End PBXTargetDependency section */

/* Begin PBXVariantGroup section */
		FC41E9131975B53D00BD3D44 /* InfoPlist.strings */ = {
			isa = PBXVariantGroup;
			children = (
				FC41E9141975B53D00BD3D44 /* en */,
			);
			name = InfoPlist.strings;
			sourceTree = "<group>";
		};
		FC41E9321975B53E00BD3D44 /* InfoPlist.strings */ = {
			isa = PBXVariantGroup;
			children = (
				FC41E9331975B53E00BD3D44 /* en */,
			);
			name = InfoPlist.strings;
			sourceTree = "<group>";
		};
		FCC287C91985609500075737 /* Main.storyboard */ = {
			isa = PBXVariantGroup;
			children = (
				FCC287CA1985609500075737 /* Base */,
			);
			name = Main.storyboard;
			sourceTree = "<group>";
		};
/* End PBXVariantGroup section */

/* Begin XCBuildConfiguration section */
		FC41E9371975B53E00BD3D44 /* Debug */ = {
			isa = XCBuildConfiguration;
			buildSettings = {
				ALWAYS_SEARCH_USER_PATHS = NO;
				CLANG_CXX_LANGUAGE_STANDARD = "gnu++0x";
				CLANG_CXX_LIBRARY = "libc++";
				CLANG_ENABLE_MODULES = YES;
				CLANG_ENABLE_OBJC_ARC = YES;
				CLANG_WARN_BOOL_CONVERSION = YES;
				CLANG_WARN_CONSTANT_CONVERSION = YES;
				CLANG_WARN_DIRECT_OBJC_ISA_USAGE = YES_ERROR;
				CLANG_WARN_EMPTY_BODY = YES;
				CLANG_WARN_ENUM_CONVERSION = YES;
				CLANG_WARN_INT_CONVERSION = YES;
				CLANG_WARN_OBJC_ROOT_CLASS = YES_ERROR;
				CLANG_WARN__DUPLICATE_METHOD_MATCH = YES;
				"CODE_SIGN_IDENTITY[sdk=iphoneos*]" = "iPhone Developer";
				COPY_PHASE_STRIP = NO;
				GCC_C_LANGUAGE_STANDARD = gnu99;
				GCC_DYNAMIC_NO_PIC = NO;
				GCC_OPTIMIZATION_LEVEL = 0;
				GCC_PREPROCESSOR_DEFINITIONS = (
					"DEBUG=1",
					"$(inherited)",
				);
				GCC_SYMBOLS_PRIVATE_EXTERN = NO;
				GCC_WARN_64_TO_32_BIT_CONVERSION = YES;
				GCC_WARN_ABOUT_RETURN_TYPE = YES_ERROR;
				GCC_WARN_UNDECLARED_SELECTOR = YES;
				GCC_WARN_UNINITIALIZED_AUTOS = YES_AGGRESSIVE;
				GCC_WARN_UNUSED_FUNCTION = YES;
				GCC_WARN_UNUSED_VARIABLE = YES;
				IPHONEOS_DEPLOYMENT_TARGET = 7.1;
				ONLY_ACTIVE_ARCH = YES;
				SDKROOT = iphoneos;
			};
			name = Debug;
		};
		FC41E9381975B53E00BD3D44 /* Release */ = {
			isa = XCBuildConfiguration;
			buildSettings = {
				ALWAYS_SEARCH_USER_PATHS = NO;
				CLANG_CXX_LANGUAGE_STANDARD = "gnu++0x";
				CLANG_CXX_LIBRARY = "libc++";
				CLANG_ENABLE_MODULES = YES;
				CLANG_ENABLE_OBJC_ARC = YES;
				CLANG_WARN_BOOL_CONVERSION = YES;
				CLANG_WARN_CONSTANT_CONVERSION = YES;
				CLANG_WARN_DIRECT_OBJC_ISA_USAGE = YES_ERROR;
				CLANG_WARN_EMPTY_BODY = YES;
				CLANG_WARN_ENUM_CONVERSION = YES;
				CLANG_WARN_INT_CONVERSION = YES;
				CLANG_WARN_OBJC_ROOT_CLASS = YES_ERROR;
				CLANG_WARN__DUPLICATE_METHOD_MATCH = YES;
				"CODE_SIGN_IDENTITY[sdk=iphoneos*]" = "iPhone Developer";
				COPY_PHASE_STRIP = YES;
				ENABLE_NS_ASSERTIONS = NO;
				GCC_C_LANGUAGE_STANDARD = gnu99;
				GCC_WARN_64_TO_32_BIT_CONVERSION = YES;
				GCC_WARN_ABOUT_RETURN_TYPE = YES_ERROR;
				GCC_WARN_UNDECLARED_SELECTOR = YES;
				GCC_WARN_UNINITIALIZED_AUTOS = YES_AGGRESSIVE;
				GCC_WARN_UNUSED_FUNCTION = YES;
				GCC_WARN_UNUSED_VARIABLE = YES;
				IPHONEOS_DEPLOYMENT_TARGET = 7.1;
				SDKROOT = iphoneos;
				VALIDATE_PRODUCT = YES;
			};
			name = Release;
		};
		FC41E93A1975B53E00BD3D44 /* Debug */ = {
			isa = XCBuildConfiguration;
			buildSettings = {
				ASSETCATALOG_COMPILER_APPICON_NAME = AppIcon;
				ASSETCATALOG_COMPILER_LAUNCHIMAGE_NAME = LaunchImage;
				GCC_PRECOMPILE_PREFIX_HEADER = YES;
				GCC_PREFIX_HEADER = "SDSApp2/SDSApp2-Prefix.pch";
				INFOPLIST_FILE = "SDSApp2/SDSApp2-Info.plist";
				PRODUCT_NAME = "$(TARGET_NAME)";
				WRAPPER_EXTENSION = app;
			};
			name = Debug;
		};
		FC41E93B1975B53E00BD3D44 /* Release */ = {
			isa = XCBuildConfiguration;
			buildSettings = {
				ASSETCATALOG_COMPILER_APPICON_NAME = AppIcon;
				ASSETCATALOG_COMPILER_LAUNCHIMAGE_NAME = LaunchImage;
				GCC_PRECOMPILE_PREFIX_HEADER = YES;
				GCC_PREFIX_HEADER = "SDSApp2/SDSApp2-Prefix.pch";
				INFOPLIST_FILE = "SDSApp2/SDSApp2-Info.plist";
				PRODUCT_NAME = "$(TARGET_NAME)";
				WRAPPER_EXTENSION = app;
			};
			name = Release;
		};
		FC41E93D1975B53E00BD3D44 /* Debug */ = {
			isa = XCBuildConfiguration;
			buildSettings = {
				BUNDLE_LOADER = "$(BUILT_PRODUCTS_DIR)/SDSApp2.app/SDSApp2";
				FRAMEWORK_SEARCH_PATHS = (
					"$(SDKROOT)/Developer/Library/Frameworks",
					"$(inherited)",
					"$(DEVELOPER_FRAMEWORKS_DIR)",
				);
				GCC_PRECOMPILE_PREFIX_HEADER = YES;
				GCC_PREFIX_HEADER = "SDSApp2/SDSApp2-Prefix.pch";
				GCC_PREPROCESSOR_DEFINITIONS = (
					"DEBUG=1",
					"$(inherited)",
				);
				INFOPLIST_FILE = "SDSApp2Tests/SDSApp2Tests-Info.plist";
				PRODUCT_NAME = "$(TARGET_NAME)";
				TEST_HOST = "$(BUNDLE_LOADER)";
				WRAPPER_EXTENSION = xctest;
			};
			name = Debug;
		};
		FC41E93E1975B53E00BD3D44 /* Release */ = {
			isa = XCBuildConfiguration;
			buildSettings = {
				BUNDLE_LOADER = "$(BUILT_PRODUCTS_DIR)/SDSApp2.app/SDSApp2";
				FRAMEWORK_SEARCH_PATHS = (
					"$(SDKROOT)/Developer/Library/Frameworks",
					"$(inherited)",
					"$(DEVELOPER_FRAMEWORKS_DIR)",
				);
				GCC_PRECOMPILE_PREFIX_HEADER = YES;
				GCC_PREFIX_HEADER = "SDSApp2/SDSApp2-Prefix.pch";
				INFOPLIST_FILE = "SDSApp2Tests/SDSApp2Tests-Info.plist";
				PRODUCT_NAME = "$(TARGET_NAME)";
				TEST_HOST = "$(BUNDLE_LOADER)";
				WRAPPER_EXTENSION = xctest;
			};
			name = Release;
		};
/* End XCBuildConfiguration section */

/* Begin XCConfigurationList section */
		FC41E9021975B53D00BD3D44 /* Build configuration list for PBXProject "SDSApp2" */ = {
			isa = XCConfigurationList;
			buildConfigurations = (
				FC41E9371975B53E00BD3D44 /* Debug */,
				FC41E9381975B53E00BD3D44 /* Release */,
			);
			defaultConfigurationIsVisible = 0;
			defaultConfigurationName = Release;
		};
		FC41E9391975B53E00BD3D44 /* Build configuration list for PBXNativeTarget "SDSApp2" */ = {
			isa = XCConfigurationList;
			buildConfigurations = (
				FC41E93A1975B53E00BD3D44 /* Debug */,
				FC41E93B1975B53E00BD3D44 /* Release */,
			);
			defaultConfigurationIsVisible = 0;
			defaultConfigurationName = Release;
		};
		FC41E93C1975B53E00BD3D44 /* Build configuration list for PBXNativeTarget "SDSApp2Tests" */ = {
			isa = XCConfigurationList;
			buildConfigurations = (
				FC41E93D1975B53E00BD3D44 /* Debug */,
				FC41E93E1975B53E00BD3D44 /* Release */,
			);
			defaultConfigurationIsVisible = 0;
			defaultConfigurationName = Release;
		};
/* End XCConfigurationList section */
	};
	rootObject = FC41E8FF1975B53D00BD3D44 /* Project object */;
}
